
Microsoft Visual Studio Solution File, Format Version 12.00
# Visual Studio 14
VisualStudioVersion = 14.0.25420.1
MinimumVisualStudioVersion = 10.0.40219.1
Project("{FAE04EC0-301F-11D3-BF4B-00C04F79EFBC}") = "Esercizio 13_01_17", "Esercizio 13_01_17\Esercizio 13_01_17.csproj", "{C2FEE566-E296-4480-8EA5-9768E2CA3708}"
EndProject
Global
	GlobalSection(SolutionConfigurationPlatforms) = preSolution
		Debug|Any CPU = Debug|Any CPU
		Release|Any CPU = Release|Any CPU
	EndGlobalSection
	GlobalSection(ProjectConfigurationPlatforms) = postSolution
		{C2FEE566-E296-4480-8EA5-9768E2CA3708}.Debug|Any CPU.ActiveCfg = Debug|Any CPU
		{C2FEE566-E296-4480-8EA5-9768E2CA3708}.Debug|Any CPU.Build.0 = Debug|Any CPU
		{C2FEE566-E296-4480-8EA5-9768E2CA3708}.Release|Any CPU.ActiveCfg = Release|Any CPU
		{C2FEE566-E296-4480-8EA5-9768E2CA3708}.Release|Any CPU.Build.0 = Release|Any CPU
	EndGlobalSection
	GlobalSection(SolutionProperties) = preSolution
		HideSolutionNode = FALSE
	EndGlobalSection
EndGlobal
